
Microsoft Visual Studio Solution File, Format Version 12.00
# Visual Studio Version 17
VisualStudioVersion = 17.12.35527.113 d17.12
MinimumVisualStudioVersion = 10.0.40219.1
Project("{FAE04EC0-301F-11D3-BF4B-00C04F79EFBC}") = "Blazuor", "Blazuor\Blazuor.csproj", "{3797B119-3612-4C0C-8234-F496058DABF0}"
EndProject
Project("{FAE04EC0-301F-11D3-BF4B-00C04F79EFBC}") = "Blazuor.Server", "Blazuor.Server\Blazuor.Server.csproj", "{105F1FF6-BC90-447F-8C61-CC517BAAFA97}"
EndProject
Project("{FAE04EC0-301F-11D3-BF4B-00C04F79EFBC}") = "Blazuor.Wasm", "Blazuor.Wasm\Blazuor.Wasm\Blazuor.Wasm.csproj", "{3D6D5F90-0285-4FCB-BFD9-FE65372FE6DE}"
EndProject
Project("{FAE04EC0-301F-11D3-BF4B-00C04F79EFBC}") = "Blazuor.Wasm.Client", "Blazuor.Wasm\Blazuor.Wasm.Client\Blazuor.Wasm.Client.csproj", "{FC749E1C-018D-4F09-86E2-04EF5CD9BBF4}"
EndProject
Project("{FAE04EC0-301F-11D3-BF4B-00C04F79EFBC}") = "Blazuor.Web", "Blazuor.Web\Blazuor.Web.csproj", "{74FD6C0D-A958-499A-A3C2-42DF25057AB7}"
EndProject
Global
	GlobalSection(SolutionConfigurationPlatforms) = preSolution
		Debug|Any CPU = Debug|Any CPU
		Release|Any CPU = Release|Any CPU
	EndGlobalSection
	GlobalSection(ProjectConfigurationPlatforms) = postSolution
		{3797B119-3612-4C0C-8234-F496058DABF0}.Debug|Any CPU.ActiveCfg = Debug|Any CPU
		{3797B119-3612-4C0C-8234-F496058DABF0}.Debug|Any CPU.Build.0 = Debug|Any CPU
		{3797B119-3612-4C0C-8234-F496058DABF0}.Release|Any CPU.ActiveCfg = Release|Any CPU
		{3797B119-3612-4C0C-8234-F496058DABF0}.Release|Any CPU.Build.0 = Release|Any CPU
		{105F1FF6-BC90-447F-8C61-CC517BAAFA97}.Debug|Any CPU.ActiveCfg = Debug|Any CPU
		{105F1FF6-BC90-447F-8C61-CC517BAAFA97}.Debug|Any CPU.Build.0 = Debug|Any CPU
		{105F1FF6-BC90-447F-8C61-CC517BAAFA97}.Release|Any CPU.ActiveCfg = Release|Any CPU
		{105F1FF6-BC90-447F-8C61-CC517BAAFA97}.Release|Any CPU.Build.0 = Release|Any CPU
		{3D6D5F90-0285-4FCB-BFD9-FE65372FE6DE}.Debug|Any CPU.ActiveCfg = Debug|Any CPU
		{3D6D5F90-0285-4FCB-BFD9-FE65372FE6DE}.Debug|Any CPU.Build.0 = Debug|Any CPU
		{3D6D5F90-0285-4FCB-BFD9-FE65372FE6DE}.Release|Any CPU.ActiveCfg = Release|Any CPU
		{3D6D5F90-0285-4FCB-BFD9-FE65372FE6DE}.Release|Any CPU.Build.0 = Release|Any CPU
		{FC749E1C-018D-4F09-86E2-04EF5CD9BBF4}.Debug|Any CPU.ActiveCfg = Debug|Any CPU
		{FC749E1C-018D-4F09-86E2-04EF5CD9BBF4}.Debug|Any CPU.Build.0 = Debug|Any CPU
		{FC749E1C-018D-4F09-86E2-04EF5CD9BBF4}.Release|Any CPU.ActiveCfg = Release|Any CPU
		{FC749E1C-018D-4F09-86E2-04EF5CD9BBF4}.Release|Any CPU.Build.0 = Release|Any CPU
		{74FD6C0D-A958-499A-A3C2-42DF25057AB7}.Debug|Any CPU.ActiveCfg = Debug|Any CPU
		{74FD6C0D-A958-499A-A3C2-42DF25057AB7}.Debug|Any CPU.Build.0 = Debug|Any CPU
		{74FD6C0D-A958-499A-A3C2-42DF25057AB7}.Release|Any CPU.ActiveCfg = Release|Any CPU
		{74FD6C0D-A958-499A-A3C2-42DF25057AB7}.Release|Any CPU.Build.0 = Release|Any CPU
	EndGlobalSection
	GlobalSection(SolutionProperties) = preSolution
		HideSolutionNode = FALSE
	EndGlobalSection
EndGlobal
